
Microsoft Visual Studio Solution File, Format Version 11.00
# Visual Studio 2010
Project("{FAE04EC0-301F-11D3-BF4B-00C04F79EFBC}") = "Manipulate", "Assembly-CSharp.csproj", "{A0C106BE-7495-C745-0CC4-8015A4C4878F}"
EndProject
Project("{FAE04EC0-301F-11D3-BF4B-00C04F79EFBC}") = "Manipulate", "Assembly-CSharp-Editor.csproj", "{31A09C4A-F1CB-8AB6-1904-8BEBBAE42AD6}"
EndProject
Global
	GlobalSection(SolutionConfigurationPlatforms) = preSolution
		Debug|Any CPU = Debug|Any CPU
		Release|Any CPU = Release|Any CPU
	EndGlobalSection
	GlobalSection(ProjectConfigurationPlatforms) = postSolution
		{A0C106BE-7495-C745-0CC4-8015A4C4878F}.Debug|Any CPU.ActiveCfg = Debug|Any CPU
		{A0C106BE-7495-C745-0CC4-8015A4C4878F}.Debug|Any CPU.Build.0 = Debug|Any CPU
		{A0C106BE-7495-C745-0CC4-8015A4C4878F}.Release|Any CPU.ActiveCfg = Release|Any CPU
		{A0C106BE-7495-C745-0CC4-8015A4C4878F}.Release|Any CPU.Build.0 = Release|Any CPU
		{31A09C4A-F1CB-8AB6-1904-8BEBBAE42AD6}.Debug|Any CPU.ActiveCfg = Debug|Any CPU
		{31A09C4A-F1CB-8AB6-1904-8BEBBAE42AD6}.Debug|Any CPU.Build.0 = Debug|Any CPU
		{31A09C4A-F1CB-8AB6-1904-8BEBBAE42AD6}.Release|Any CPU.ActiveCfg = Release|Any CPU
		{31A09C4A-F1CB-8AB6-1904-8BEBBAE42AD6}.Release|Any CPU.Build.0 = Release|Any CPU
	EndGlobalSection
	GlobalSection(SolutionProperties) = preSolution
		HideSolutionNode = FALSE
	EndGlobalSection
	GlobalSection(MonoDevelopProperties) = preSolution
		StartupItem = Assembly-CSharp.csproj
	EndGlobalSection
EndGlobal
